// !$*UTF8*$!
{
	archiveVersion = 1;
	classes = {
	};
	objectVersion = 56;
	objects = {

/* Begin PBXBuildFile section */
		11A24B492C0A12340000001A /* iOSApp.swift in Sources */ = {isa = PBXBuildFile; fileRef = 11A24B482C0A12340000001A /* iOSApp.swift */; };
		11A24B4B2C0A12340000001A /* ContentView.swift in Sources */ = {isa = PBXBuildFile; fileRef = 11A24B4A2C0A12340000001A /* ContentView.swift */; };
		11A24B4D2C0A12340000001A /* Assets.xcassets in Resources */ = {isa = PBXBuildFile; fileRef = 11A24B4C2C0A12340000001A /* Assets.xcassets */; };
		11A24B552C0A12340000001A /* ComposeApp.framework in Frameworks */ = {isa = PBXBuildFile; fileRef = 11A24B542C0A12340000001A /* ComposeApp.framework */; };
		11A24B562C0A12340000001A /* ComposeApp.framework in Embed Frameworks */ = {isa = PBXBuildFile; fileRef = 11A24B542C0A12340000001A /* ComposeApp.framework */; settings = {ATTRIBUTES = (CodeSignOnCopy, RemoveHeadersOnCopy, ); }; };
		9AED4C4B2FD8CA84004893A2 /* MapLibre in Frameworks */ = {isa = PBXBuildFile; productRef = 9AED4C4A2FD8CA84004893A2 /* MapLibre */; };
		AA000002AA000002AA000002 /* pdxrail.db in Resources */ = {isa = PBXBuildFile; fileRef = AA000001AA000001AA000001 /* pdxrail.db */; };
		DD000002DD000002DD000002 /* PrivacyInfo.xcprivacy in Resources */ = {isa = PBXBuildFile; fileRef = DD000001DD000001DD000001 /* PrivacyInfo.xcprivacy */; };
/* End PBXBuildFile section */

/* Begin PBXCopyFilesBuildPhase section */
		11A24B572C0A12340000001A /* Embed Frameworks */ = {
			isa = PBXCopyFilesBuildPhase;
			buildActionMask = 2147483647;
			dstPath = "";
			dstSubfolderSpec = 10;
			files = (
				11A24B562C0A12340000001A /* ComposeApp.framework in Embed Frameworks */,
			);
			name = "Embed Frameworks";
			runOnlyForDeploymentPostprocessing = 0;
		};
/* End PBXCopyFilesBuildPhase section */

/* Begin PBXFileReference section */
		11A24B452C0A12340000001A /* iosApp.app */ = {isa = PBXFileReference; explicitFileType = wrapper.application; includeInIndex = 0; path = iosApp.app; sourceTree = BUILT_PRODUCTS_DIR; };
		11A24B482C0A12340000001A /* iOSApp.swift */ = {isa = PBXFileReference; lastKnownFileType = sourcecode.swift; path = iOSApp.swift; sourceTree = "<group>"; };
		11A24B4A2C0A12340000001A /* ContentView.swift */ = {isa = PBXFileReference; lastKnownFileType = sourcecode.swift; path = ContentView.swift; sourceTree = "<group>"; };
		11A24B4C2C0A12340000001A /* Assets.xcassets */ = {isa = PBXFileReference; lastKnownFileType = folder.assetcatalog; path = Assets.xcassets; sourceTree = "<group>"; };
		11A24B542C0A12340000001A /* ComposeApp.framework */ = {isa = PBXFileReference; lastKnownFileType = wrapper.framework; name = ComposeApp.framework; path = "../app/build/xcode-frameworks/$(CONFIGURATION)/$(SDK_NAME)/ComposeApp.framework"; sourceTree = "<group>"; };
		AA000001AA000001AA000001 /* pdxrail.db */ = {isa = PBXFileReference; lastKnownFileType = file; name = pdxrail.db; path = ../app/src/main/assets/pdxrail.db; sourceTree = "<group>"; };
		BB000001BB000001BB000001 /* Secrets.xcconfig */ = {isa = PBXFileReference; lastKnownFileType = text.xcconfig; path = Secrets.xcconfig; sourceTree = "<group>"; };
		CC000001CC000001CC000001 /* Info.plist */ = {isa = PBXFileReference; lastKnownFileType = text.plist.xml; path = Info.plist; sourceTree = "<group>"; };
		DD000001DD000001DD000001 /* PrivacyInfo.xcprivacy */ = {isa = PBXFileReference; lastKnownFileType = file.xcprivacy; path = PrivacyInfo.xcprivacy; sourceTree = "<group>"; };
/* End PBXFileReference section */

/* Begin PBXFrameworksBuildPhase section */
		11A24B422C0A12340000001A /* Frameworks */ = {
			isa = PBXFrameworksBuildPhase;
			buildActionMask = 2147483647;
			files = (
				9AED4C4B2FD8CA84004893A2 /* MapLibre in Frameworks */,
				11A24B552C0A12340000001A /* ComposeApp.framework in Frameworks */,
			);
			runOnlyForDeploymentPostprocessing = 0;
		};
/* End PBXFrameworksBuildPhase section */

/* Begin PBXGroup section */
		11A24B3C2C0A12340000001A = {
			isa = PBXGroup;
			children = (
				11A24B472C0A12340000001A /* iosApp */,
				BB000001BB000001BB000001 /* Secrets.xcconfig */,
				11A24B532C0A12340000001A /* Frameworks */,
				11A24B462C0A12340000001A /* Products */,
			);
			sourceTree = "<group>";
		};
		11A24B462C0A12340000001A /* Products */ = {
			isa = PBXGroup;
			children = (
				11A24B452C0A12340000001A /* iosApp.app */,
			);
			name = Products;
			sourceTree = "<group>";
		};
		11A24B472C0A12340000001A /* iosApp */ = {
			isa = PBXGroup;
			children = (
				11A24B482C0A12340000001A /* iOSApp.swift */,
				11A24B4A2C0A12340000001A /* ContentView.swift */,
				11A24B4C2C0A12340000001A /* Assets.xcassets */,
				CC000001CC000001CC000001 /* Info.plist */,
				DD000001DD000001DD000001 /* PrivacyInfo.xcprivacy */,
			);
			path = iosApp;
			sourceTree = "<group>";
		};
		11A24B532C0A12340000001A /* Frameworks */ = {
			isa = PBXGroup;
			children = (
				11A24B542C0A12340000001A /* ComposeApp.framework */,
				AA000001AA000001AA000001 /* pdxrail.db */,
			);
			name = Frameworks;
			sourceTree = "<group>";
		};
/* End PBXGroup section */

/* Begin PBXNativeTarget section */
		11A24B442C0A12340000001A /* iosApp */ = {
			isa = PBXNativeTarget;
			buildConfigurationList = 11A24B5A2C0A12340000001A /* Build configuration list for PBXNativeTarget "iosApp" */;
			buildPhases = (
				11A24B582C0A12340000001A /* Build Kotlin/Native Framework */,
				11A24B412C0A12340000001A /* Sources */,
				11A24B422C0A12340000001A /* Frameworks */,
				11A24B432C0A12340000001A /* Resources */,
				11A24B572C0A12340000001A /* Embed Frameworks */,
			);
			buildRules = (
			);
			dependencies = (
			);
			name = iosApp;
			productName = iosApp;
			productReference = 11A24B452C0A12340000001A /* iosApp.app */;
			productType = "com.apple.product-type.application";
		};
/* End PBXNativeTarget section */

/* Begin PBXProject section */
		11A24B3D2C0A12340000001A /* Project object */ = {
			isa = PBXProject;
			attributes = {
				BuildIndependentTargetsInParallel = 1;
				LastSwiftUpdateCheck = 1500;
				LastUpgradeCheck = 1500;
				TargetAttributes = {
					11A24B442C0A12340000001A = {
						CreatedOnToolsVersion = 15.0;
					};
				};
			};
			buildConfigurationList = 11A24B402C0A12340000001A /* Build configuration list for PBXProject "iosApp" */;
			compatibilityVersion = "Xcode 14.0";
			developmentRegion = en;
			hasScannedForEncodings = 0;
			knownRegions = (
				en,
				Base,
			);
			mainGroup = 11A24B3C2C0A12340000001A;
			packageReferences = (
				9AED4C492FD8CA84004893A2 /* XCRemoteSwiftPackageReference "maplibre-gl-native-distribution" */,
			);
			productRefGroup = 11A24B462C0A12340000001A /* Products */;
			projectDirPath = "";
			projectRoot = "";
			targets = (
				11A24B442C0A12340000001A /* iosApp */,
			);
		};
/* End PBXProject section */

/* Begin PBXResourcesBuildPhase section */
		11A24B432C0A12340000001A /* Resources */ = {
			isa = PBXResourcesBuildPhase;
			buildActionMask = 2147483647;
			files = (
				11A24B4D2C0A12340000001A /* Assets.xcassets in Resources */,
				AA000002AA000002AA000002 /* pdxrail.db in Resources */,
				DD000002DD000002DD000002 /* PrivacyInfo.xcprivacy in Resources */,
			);
			runOnlyForDeploymentPostprocessing = 0;
		};
/* End PBXResourcesBuildPhase section */

/* Begin PBXShellScriptBuildPhase section */
		11A24B582C0A12340000001A /* Build Kotlin/Native Framework */ = {
			isa = PBXShellScriptBuildPhase;
			buildActionMask = 2147483647;
			files = (
			);
			inputFileListPaths = (
			);
			inputPaths = (
			);
			name = "Build Kotlin/Native Framework";
			outputFileListPaths = (
			);
			outputPaths = (
			);
			runOnlyForDeploymentPostprocessing = 0;
			shellPath = /bin/sh;
			shellScript = "set -e\nexport JAVA_HOME=$(/usr/libexec/java_home)\nexport PATH=\"$PATH:/usr/local/bin:/opt/homebrew/bin\"\ncd \"$SRCROOT/..\"\n\nBUILD_TYPE=$(echo \"$CONFIGURATION\" | tr '[:upper:]' '[:lower:]')\nBUILD_TYPE_CAP=$(echo \"$BUILD_TYPE\" | awk '{print toupper(substr($0,1,1)) tolower(substr($0,2))}')\n\nif [[ \"$SDK_NAME\" == iphonesimulator* ]]; then\n  if [[ \"$ARCHS\" == arm64* ]]; then\n    TARGET=\"IosSimulatorArm64\"; BIN=\"iosSimulatorArm64\"\n  else\n    TARGET=\"IosX64\"; BIN=\"iosX64\"\n  fi\nelse\n  TARGET=\"IosArm64\"; BIN=\"iosArm64\"\nfi\n\n./gradlew \":app:link${BUILD_TYPE_CAP}Framework${TARGET}\"\n\nDEST=\"app/build/xcode-frameworks/$CONFIGURATION/$SDK_NAME\"\nmkdir -p \"$DEST\"\nrm -rf \"$DEST/ComposeApp.framework\"\ncp -R \"app/build/bin/$BIN/${BUILD_TYPE}Framework/ComposeApp.framework\" \"$DEST/\"\n\nDSYM_SRC=\"app/build/bin/$BIN/${BUILD_TYPE}Framework/ComposeApp.framework.dSYM\"\nif [ -d \"$DSYM_SRC\" ]; then\n  cp -R \"$DSYM_SRC\" \"$DWARF_DSYM_FOLDER_PATH/\"\nfi\n\nRES_SRC=\"app/build/generated/compose/resourceGenerator/preparedResources/commonMain/composeResources\"\nRES_DEST=\"$TARGET_BUILD_DIR/$UNLOCALIZED_RESOURCES_FOLDER_PATH/compose-resources/composeResources/com.hzlgrn.pdxrail.generated.resources\"\nmkdir -p \"$RES_DEST\"\ncp -R \"$RES_SRC/\" \"$RES_DEST/\"\n";
		};
/* End PBXShellScriptBuildPhase section */

/* Begin PBXSourcesBuildPhase section */
		11A24B412C0A12340000001A /* Sources */ = {
			isa = PBXSourcesBuildPhase;
			buildActionMask = 2147483647;
			files = (
				11A24B4B2C0A12340000001A /* ContentView.swift in Sources */,
				11A24B492C0A12340000001A /* iOSApp.swift in Sources */,
			);
			runOnlyForDeploymentPostprocessing = 0;
		};
/* End PBXSourcesBuildPhase section */

/* Begin XCBuildConfiguration section */
		11A24B5B2C0A12340000001A /* Debug */ = {
			isa = XCBuildConfiguration;
			buildSettings = {
				ALWAYS_SEARCH_USER_PATHS = NO;
				ASSETCATALOG_COMPILER_GENERATE_SWIFT_ASSET_SYMBOL_EXTENSIONS = YES;
				CLANG_ANALYZER_NONNULL = YES;
				CLANG_ANALYZER_NUMBER_OBJECT_CONVERSION = YES_AGGRESSIVE;
				CLANG_CXX_LANGUAGE_STANDARD = "gnu++20";
				CLANG_ENABLE_MODULES = YES;
				CLANG_ENABLE_OBJC_ARC = YES;
				CLANG_ENABLE_OBJC_WEAK = YES;
				CLANG_WARN_BLOCK_CAPTURE_AUTORELEASING = YES;
				CLANG_WARN_BOOL_CONVERSION = YES;
				CLANG_WARN_COMMA = YES;
				CLANG_WARN_CONSTANT_CONVERSION = YES;
				CLANG_WARN_DEPRECATED_OBJC_IMPLEMENTATIONS = YES;
				CLANG_WARN_DIRECT_OBJC_ISA_USAGE = YES_ERROR;
				CLANG_WARN_DOCUMENTATION_COMMENTS = YES;
				CLANG_WARN_EMPTY_BODY = YES;
				CLANG_WARN_ENUM_CONVERSION = YES;
				CLANG_WARN_INFINITE_RECURSION = YES;
				CLANG_WARN_INT_CONVERSION = YES;
				CLANG_WARN_NON_LITERAL_NULL_CONVERSION = YES;
				CLANG_WARN_OBJC_IMPLICIT_RETAIN_SELF = YES;
				CLANG_WARN_OBJC_LITERAL_CONVERSION = YES;
				CLANG_WARN_OBJC_ROOT_CLASS = YES_ERROR;
				CLANG_WARN_QUOTED_INCLUDE_IN_FRAMEWORK_HEADER = YES;
				CLANG_WARN_RANGE_LOOP_ANALYSIS = YES;
				CLANG_WARN_STRICT_PROTOTYPES = YES;
				CLANG_WARN_SUSPICIOUS_MOVE = YES;
				CLANG_WARN_UNGUARDED_AVAILABILITY = YES_AGGRESSIVE;
				CLANG_WARN_UNREACHABLE_CODE = YES;
				CLANG_WARN__DUPLICATE_METHOD_MATCH = YES;
				COPY_PHASE_STRIP = NO;
				DEBUG_INFORMATION_FORMAT = dwarf;
				ENABLE_STRICT_OBJC_MSGSEND = YES;
				ENABLE_TESTABILITY = YES;
				ENABLE_USER_SCRIPT_SANDBOXING = NO;
				GCC_C_LANGUAGE_STANDARD = gnu17;
				GCC_DYNAMIC_NO_PIC = NO;
				GCC_NO_COMMON_BLOCKS = YES;
				GCC_OPTIMIZATION_LEVEL = 0;
				GCC_PREPROCESSOR_DEFINITIONS = (
					"DEBUG=1",
					"$(inherited)",
				);
				GCC_WARN_64_TO_32_BIT_CONVERSION = YES;
				GCC_WARN_ABOUT_RETURN_TYPE = YES_ERROR;
				GCC_WARN_UNDECLARED_SELECTOR = YES;
				GCC_WARN_UNINITIALIZED_AUTOS = YES_AGGRESSIVE;
				GCC_WARN_UNUSED_FUNCTION = YES;
				GCC_WARN_UNUSED_VARIABLE = YES;
				IPHONEOS_DEPLOYMENT_TARGET = 16.0;
				LOCALIZATION_PREFERS_STRING_CATALOGS = YES;
				MTL_ENABLE_DEBUG_INFO = INCLUDE_SOURCE;
				MTL_FAST_MATH = YES;
				ONLY_ACTIVE_ARCH = YES;
				OTHER_LDFLAGS = "-lsqlite3";
				SDKROOT = iphoneos;
				SWIFT_ACTIVE_COMPILATION_CONDITIONS = "DEBUG $(inherited)";
				SWIFT_OPTIMIZATION_LEVEL = "-Onone";
			};
			name = Debug;
		};
		11A24B5C2C0A12340000001A /* Release */ = {
			isa = XCBuildConfiguration;
			buildSettings = {
				ALWAYS_SEARCH_USER_PATHS = NO;
				ASSETCATALOG_COMPILER_GENERATE_SWIFT_ASSET_SYMBOL_EXTENSIONS = YES;
				CLANG_ANALYZER_NONNULL = YES;
				CLANG_ANALYZER_NUMBER_OBJECT_CONVERSION = YES_AGGRESSIVE;
				CLANG_CXX_LANGUAGE_STANDARD = "gnu++20";
				CLANG_ENABLE_MODULES = YES;
				CLANG_ENABLE_OBJC_ARC = YES;
				CLANG_ENABLE_OBJC_WEAK = YES;
				CLANG_WARN_BLOCK_CAPTURE_AUTORELEASING = YES;
				CLANG_WARN_BOOL_CONVERSION = YES;
				CLANG_WARN_COMMA = YES;
				CLANG_WARN_CONSTANT_CONVERSION = YES;
				CLANG_WARN_DEPRECATED_OBJC_IMPLEMENTATIONS = YES;
				CLANG_WARN_DIRECT_OBJC_ISA_USAGE = YES_ERROR;
				CLANG_WARN_DOCUMENTATION_COMMENTS = YES;
				CLANG_WARN_EMPTY_BODY = YES;
				CLANG_WARN_ENUM_CONVERSION = YES;
				CLANG_WARN_INFINITE_RECURSION = YES;
				CLANG_WARN_INT_CONVERSION = YES;
				CLANG_WARN_NON_LITERAL_NULL_CONVERSION = YES;
				CLANG_WARN_OBJC_IMPLICIT_RETAIN_SELF = YES;
				CLANG_WARN_OBJC_LITERAL_CONVERSION = YES;
				CLANG_WARN_OBJC_ROOT_CLASS = YES_ERROR;
				CLANG_WARN_QUOTED_INCLUDE_IN_FRAMEWORK_HEADER = YES;
				CLANG_WARN_RANGE_LOOP_ANALYSIS = YES;
				CLANG_WARN_STRICT_PROTOTYPES = YES;
				CLANG_WARN_SUSPICIOUS_MOVE = YES;
				CLANG_WARN_UNGUARDED_AVAILABILITY = YES_AGGRESSIVE;
				CLANG_WARN_UNREACHABLE_CODE = YES;
				CLANG_WARN__DUPLICATE_METHOD_MATCH = YES;
				COPY_PHASE_STRIP = NO;
				DEBUG_INFORMATION_FORMAT = "dwarf-with-dsym";
				ENABLE_NS_ASSERTIONS = NO;
				ENABLE_STRICT_OBJC_MSGSEND = YES;
				ENABLE_USER_SCRIPT_SANDBOXING = NO;
				GCC_C_LANGUAGE_STANDARD = gnu17;
				GCC_NO_COMMON_BLOCKS = YES;
				GCC_WARN_64_TO_32_BIT_CONVERSION = YES;
				GCC_WARN_ABOUT_RETURN_TYPE = YES_ERROR;
				GCC_WARN_UNDECLARED_SELECTOR = YES;
				GCC_WARN_UNINITIALIZED_AUTOS = YES_AGGRESSIVE;
				GCC_WARN_UNUSED_FUNCTION = YES;
				GCC_WARN_UNUSED_VARIABLE = YES;
				IPHONEOS_DEPLOYMENT_TARGET = 16.0;
				LOCALIZATION_PREFERS_STRING_CATALOGS = YES;
				MTL_FAST_MATH = YES;
				OTHER_LDFLAGS = "-lsqlite3";
				SDKROOT = iphoneos;
				SWIFT_COMPILATION_MODE = wholemodule;
				VALIDATE_PRODUCT = YES;
			};
			name = Release;
		};
		11A24B5D2C0A12340000001A /* Debug */ = {
			isa = XCBuildConfiguration;
			baseConfigurationReference = BB000001BB000001BB000001 /* Secrets.xcconfig */;
			buildSettings = {
				ASSETCATALOG_COMPILER_APPICON_NAME = AppIcon;
				ASSETCATALOG_COMPILER_GLOBAL_ACCENT_COLOR_NAME = AccentColor;
				CODE_SIGN_STYLE = Automatic;
				CURRENT_PROJECT_VERSION = 10;
				DEVELOPMENT_ASSET_PATHS = "";
				DEVELOPMENT_TEAM = ZCHU8QAR3G;
				ENABLE_PREVIEWS = YES;
				FRAMEWORK_SEARCH_PATHS = (
					"$(inherited)",
					"$(SRCROOT)/../app/build/xcode-frameworks/$(CONFIGURATION)/$(SDK_NAME)",
				);
				GENERATE_INFOPLIST_FILE = NO;
				INFOPLIST_FILE = iosApp/Info.plist;
				INFOPLIST_KEY_CFBundleDisplayName = "PDX Rail";
				INFOPLIST_KEY_LSApplicationCategoryType = "public.app-category.navigation";
				LD_RUNPATH_SEARCH_PATHS = (
					"$(inherited)",
					"@executable_path/Frameworks",
				);
				MARKETING_VERSION = 26.06.01;
				PRODUCT_BUNDLE_IDENTIFIER = com.hzlgrn.pdxrail;
				PRODUCT_NAME = "$(TARGET_NAME)";
				SWIFT_EMIT_LOC_STRINGS = YES;
				SWIFT_VERSION = 5.0;
				TARGETED_DEVICE_FAMILY = "1,2";
			};
			name = Debug;
		};
		11A24B5E2C0A12340000001A /* Release */ = {
			isa = XCBuildConfiguration;
			baseConfigurationReference = BB000001BB000001BB000001 /* Secrets.xcconfig */;
			buildSettings = {
				ASSETCATALOG_COMPILER_APPICON_NAME = AppIcon;
				ASSETCATALOG_COMPILER_GLOBAL_ACCENT_COLOR_NAME = AccentColor;
				CODE_SIGN_STYLE = Automatic;
				CURRENT_PROJECT_VERSION = 10;
				DEVELOPMENT_ASSET_PATHS = "";
				DEVELOPMENT_TEAM = ZCHU8QAR3G;
				ENABLE_PREVIEWS = YES;
				FRAMEWORK_SEARCH_PATHS = (
					"$(inherited)",
					"$(SRCROOT)/../app/build/xcode-frameworks/$(CONFIGURATION)/$(SDK_NAME)",
				);
				GENERATE_INFOPLIST_FILE = NO;
				INFOPLIST_FILE = iosApp/Info.plist;
				INFOPLIST_KEY_CFBundleDisplayName = "PDX Rail";
				INFOPLIST_KEY_LSApplicationCategoryType = "public.app-category.navigation";
				LD_RUNPATH_SEARCH_PATHS = (
					"$(inherited)",
					"@executable_path/Frameworks",
				);
				MARKETING_VERSION = 26.06.01;
				PRODUCT_BUNDLE_IDENTIFIER = com.hzlgrn.pdxrail;
				PRODUCT_NAME = "$(TARGET_NAME)";
				SWIFT_EMIT_LOC_STRINGS = YES;
				SWIFT_VERSION = 5.0;
				TARGETED_DEVICE_FAMILY = "1,2";
			};
			name = Release;
		};
/* End XCBuildConfiguration section */

/* Begin XCConfigurationList section */
		11A24B402C0A12340000001A /* Build configuration list for PBXProject "iosApp" */ = {
			isa = XCConfigurationList;
			buildConfigurations = (
				11A24B5B2C0A12340000001A /* Debug */,
				11A24B5C2C0A12340000001A /* Release */,
			);
			defaultConfigurationIsVisible = 0;
			defaultConfigurationName = Release;
		};
		11A24B5A2C0A12340000001A /* Build configuration list for PBXNativeTarget "iosApp" */ = {
			isa = XCConfigurationList;
			buildConfigurations = (
				11A24B5D2C0A12340000001A /* Debug */,
				11A24B5E2C0A12340000001A /* Release */,
			);
			defaultConfigurationIsVisible = 0;
			defaultConfigurationName = Release;
		};
/* End XCConfigurationList section */

/* Begin XCRemoteSwiftPackageReference section */
		9AED4C492FD8CA84004893A2 /* XCRemoteSwiftPackageReference "maplibre-gl-native-distribution" */ = {
			isa = XCRemoteSwiftPackageReference;
			repositoryURL = "https://github.com/maplibre/maplibre-gl-native-distribution";
			requirement = {
				kind = upToNextMajorVersion;
				minimumVersion = 6.0.0;
			};
		};
/* End XCRemoteSwiftPackageReference section */

/* Begin XCSwiftPackageProductDependency section */
		9AED4C4A2FD8CA84004893A2 /* MapLibre */ = {
			isa = XCSwiftPackageProductDependency;
			package = 9AED4C492FD8CA84004893A2 /* XCRemoteSwiftPackageReference "maplibre-gl-native-distribution" */;
			productName = MapLibre;
		};
/* End XCSwiftPackageProductDependency section */
	};
	rootObject = 11A24B3D2C0A12340000001A /* Project object */;
}
